
Microsoft Visual Studio Solution File, Format Version 12.00
# Visual Studio Version 17
VisualStudioVersion = 17.0.31903.59
MinimumVisualStudioVersion = 10.0.40219.1
Project("{2150E333-8FDC-42A3-9474-1A3956D46DE8}") = "main", "main", "{CCD0EA44-9C44-4EFB-8911-DEB74FD7C655}"
EndProject
Project("{FAE04EC0-301F-11D3-BF4B-00C04F79EFBC}") = "CookieAuth", "main\CookieAuth\CookieAuth.csproj", "{8CF8B9D5-8885-4FF2-9A1F-2F6A36B4DC7E}"
EndProject
Project("{2150E333-8FDC-42A3-9474-1A3956D46DE8}") = "test", "test", "{219856A3-9CC2-40D1-B00A-10EC37837E7C}"
EndProject
Project("{FAE04EC0-301F-11D3-BF4B-00C04F79EFBC}") = "CookieAuthTests", "test\CookieAuthTests\CookieAuthTests.csproj", "{6564B334-C99D-41C8-B939-28D1B98A1760}"
EndProject
Global
	GlobalSection(SolutionProperties) = preSolution
		HideSolutionNode = FALSE
	EndGlobalSection
	GlobalSection(SolutionConfigurationPlatforms) = preSolution
		Debug|Any CPU = Debug|Any CPU
		Debug|x64 = Debug|x64
		Debug|x86 = Debug|x86
		Release|Any CPU = Release|Any CPU
		Release|x64 = Release|x64
		Release|x86 = Release|x86
	EndGlobalSection
	GlobalSection(ProjectConfigurationPlatforms) = postSolution
		{8CF8B9D5-8885-4FF2-9A1F-2F6A36B4DC7E}.Debug|Any CPU.ActiveCfg = Debug|Any CPU
		{8CF8B9D5-8885-4FF2-9A1F-2F6A36B4DC7E}.Debug|Any CPU.Build.0 = Debug|Any CPU
		{8CF8B9D5-8885-4FF2-9A1F-2F6A36B4DC7E}.Debug|x64.ActiveCfg = Debug|Any CPU
		{8CF8B9D5-8885-4FF2-9A1F-2F6A36B4DC7E}.Debug|x64.Build.0 = Debug|Any CPU
		{8CF8B9D5-8885-4FF2-9A1F-2F6A36B4DC7E}.Debug|x86.ActiveCfg = Debug|Any CPU
		{8CF8B9D5-8885-4FF2-9A1F-2F6A36B4DC7E}.Debug|x86.Build.0 = Debug|Any CPU
		{8CF8B9D5-8885-4FF2-9A1F-2F6A36B4DC7E}.Release|Any CPU.ActiveCfg = Release|Any CPU
		{8CF8B9D5-8885-4FF2-9A1F-2F6A36B4DC7E}.Release|Any CPU.Build.0 = Release|Any CPU
		{8CF8B9D5-8885-4FF2-9A1F-2F6A36B4DC7E}.Release|x64.ActiveCfg = Release|Any CPU
		{8CF8B9D5-8885-4FF2-9A1F-2F6A36B4DC7E}.Release|x64.Build.0 = Release|Any CPU
		{8CF8B9D5-8885-4FF2-9A1F-2F6A36B4DC7E}.Release|x86.ActiveCfg = Release|Any CPU
		{8CF8B9D5-8885-4FF2-9A1F-2F6A36B4DC7E}.Release|x86.Build.0 = Release|Any CPU
		{6564B334-C99D-41C8-B939-28D1B98A1760}.Debug|Any CPU.ActiveCfg = Debug|Any CPU
		{6564B334-C99D-41C8-B939-28D1B98A1760}.Debug|Any CPU.Build.0 = Debug|Any CPU
		{6564B334-C99D-41C8-B939-28D1B98A1760}.Debug|x64.ActiveCfg = Debug|Any CPU
		{6564B334-C99D-41C8-B939-28D1B98A1760}.Debug|x64.Build.0 = Debug|Any CPU
		{6564B334-C99D-41C8-B939-28D1B98A1760}.Debug|x86.ActiveCfg = Debug|Any CPU
		{6564B334-C99D-41C8-B939-28D1B98A1760}.Debug|x86.Build.0 = Debug|Any CPU
		{6564B334-C99D-41C8-B939-28D1B98A1760}.Release|Any CPU.ActiveCfg = Release|Any CPU
		{6564B334-C99D-41C8-B939-28D1B98A1760}.Release|Any CPU.Build.0 = Release|Any CPU
		{6564B334-C99D-41C8-B939-28D1B98A1760}.Release|x64.ActiveCfg = Release|Any CPU
		{6564B334-C99D-41C8-B939-28D1B98A1760}.Release|x64.Build.0 = Release|Any CPU
		{6564B334-C99D-41C8-B939-28D1B98A1760}.Release|x86.ActiveCfg = Release|Any CPU
		{6564B334-C99D-41C8-B939-28D1B98A1760}.Release|x86.Build.0 = Release|Any CPU
	EndGlobalSection
	GlobalSection(NestedProjects) = preSolution
		{8CF8B9D5-8885-4FF2-9A1F-2F6A36B4DC7E} = {CCD0EA44-9C44-4EFB-8911-DEB74FD7C655}
		{6564B334-C99D-41C8-B939-28D1B98A1760} = {219856A3-9CC2-40D1-B00A-10EC37837E7C}
	EndGlobalSection
EndGlobal
